
Microsoft Visual Studio Solution File, Format Version 12.00
# Visual Studio Version 16
VisualStudioVersion = 16.0.29503.13
MinimumVisualStudioVersion = 10.0.40219.1
Project("{FAE04EC0-301F-11D3-BF4B-00C04F79EFBC}") = "Realtime.Server.MetroLine", "Realtime.Server.MetroLine.csproj", "{AFCECFBC-B9E5-48AB-8B28-823C0F4DBDD5}"
EndProject
Project("{FAE04EC0-301F-11D3-BF4B-00C04F79EFBC}") = "Realtime.Server.MetroLineLogic", "..\Realtime.Server.MetroLineLogic\Realtime.Server.MetroLineLogic.csproj", "{9C6D1347-1680-4AC6-AFD5-054CED754949}"
EndProject
Global
	GlobalSection(SolutionConfigurationPlatforms) = preSolution
		Debug|Any CPU = Debug|Any CPU
		Release|Any CPU = Release|Any CPU
	EndGlobalSection
	GlobalSection(ProjectConfigurationPlatforms) = postSolution
		{AFCECFBC-B9E5-48AB-8B28-823C0F4DBDD5}.Debug|Any CPU.ActiveCfg = Debug|Any CPU
		{AFCECFBC-B9E5-48AB-8B28-823C0F4DBDD5}.Debug|Any CPU.Build.0 = Debug|Any CPU
		{AFCECFBC-B9E5-48AB-8B28-823C0F4DBDD5}.Release|Any CPU.ActiveCfg = Release|Any CPU
		{AFCECFBC-B9E5-48AB-8B28-823C0F4DBDD5}.Release|Any CPU.Build.0 = Release|Any CPU
		{9C6D1347-1680-4AC6-AFD5-054CED754949}.Debug|Any CPU.ActiveCfg = Debug|Any CPU
		{9C6D1347-1680-4AC6-AFD5-054CED754949}.Debug|Any CPU.Build.0 = Debug|Any CPU
		{9C6D1347-1680-4AC6-AFD5-054CED754949}.Release|Any CPU.ActiveCfg = Release|Any CPU
		{9C6D1347-1680-4AC6-AFD5-054CED754949}.Release|Any CPU.Build.0 = Release|Any CPU
	EndGlobalSection
	GlobalSection(SolutionProperties) = preSolution
		HideSolutionNode = FALSE
	EndGlobalSection
	GlobalSection(ExtensibilityGlobals) = postSolution
		SolutionGuid = {F6BED288-E4C3-455D-B46F-893D96612C4A}
	EndGlobalSection
EndGlobal
